{
  "nodes": {
    "nixpkgs": {
      "locked": {
        "lastModified": 1781276815,
        "narHash": "sha256-M/TN2N/s5Y1/CVeWZCM3db0rs2sxYNhSiwf/FXuEtog=",
        "owner": "emmanuelrosa",
        "repo": "nixpkgs",
        "rev": "db6097cac1501d5cb6194a8c5264881fb8805c47",
        "type": "github"
      },
      "original": {
        "owner": "emmanuelrosa",
        "ref": "onlyoffice-vm",
        "repo": "nixpkgs",
        "type": "github"
      }
    },
    "root": {
      "inputs": {
        "nixpkgs": "nixpkgs"
      }
    }
  },
  "root": "root",
  "version": 7
}
